
Microsoft Visual Studio Solution File, Format Version 12.00
# Visual Studio Version 16
VisualStudioVersion = 16.0.31624.102
MinimumVisualStudioVersion = 10.0.40219.1
Project("{FAE04EC0-301F-11D3-BF4B-00C04F79EFBC}") = "ToDoList.Android", "ToDoList\ToDoList.Android\ToDoList.Android.csproj", "{6A0F3AC1-F01C-4CC8-A3D6-E58BC5B2C009}"
EndProject
Project("{FAE04EC0-301F-11D3-BF4B-00C04F79EFBC}") = "ToDoList", "ToDoList\ToDoList\ToDoList.csproj", "{18C4964D-65D1-42C5-B477-2F67F81EDDE7}"
EndProject
Global
	GlobalSection(SolutionConfigurationPlatforms) = preSolution
		Debug|Any CPU = Debug|Any CPU
		Release|Any CPU = Release|Any CPU
	EndGlobalSection
	GlobalSection(ProjectConfigurationPlatforms) = postSolution
		{6A0F3AC1-F01C-4CC8-A3D6-E58BC5B2C009}.Debug|Any CPU.ActiveCfg = Debug|Any CPU
		{6A0F3AC1-F01C-4CC8-A3D6-E58BC5B2C009}.Debug|Any CPU.Build.0 = Debug|Any CPU
		{6A0F3AC1-F01C-4CC8-A3D6-E58BC5B2C009}.Debug|Any CPU.Deploy.0 = Debug|Any CPU
		{6A0F3AC1-F01C-4CC8-A3D6-E58BC5B2C009}.Release|Any CPU.ActiveCfg = Release|Any CPU
		{6A0F3AC1-F01C-4CC8-A3D6-E58BC5B2C009}.Release|Any CPU.Build.0 = Release|Any CPU
		{6A0F3AC1-F01C-4CC8-A3D6-E58BC5B2C009}.Release|Any CPU.Deploy.0 = Release|Any CPU
		{18C4964D-65D1-42C5-B477-2F67F81EDDE7}.Debug|Any CPU.ActiveCfg = Debug|Any CPU
		{18C4964D-65D1-42C5-B477-2F67F81EDDE7}.Debug|Any CPU.Build.0 = Debug|Any CPU
		{18C4964D-65D1-42C5-B477-2F67F81EDDE7}.Debug|Any CPU.Deploy.0 = Debug|Any CPU
		{18C4964D-65D1-42C5-B477-2F67F81EDDE7}.Release|Any CPU.ActiveCfg = Release|Any CPU
		{18C4964D-65D1-42C5-B477-2F67F81EDDE7}.Release|Any CPU.Build.0 = Release|Any CPU
		{18C4964D-65D1-42C5-B477-2F67F81EDDE7}.Release|Any CPU.Deploy.0 = Release|Any CPU
	EndGlobalSection
	GlobalSection(SolutionProperties) = preSolution
		HideSolutionNode = FALSE
	EndGlobalSection
	GlobalSection(ExtensibilityGlobals) = postSolution
		SolutionGuid = {6B4632D0-532A-4048-95E5-F779D9CFE38C}
	EndGlobalSection
EndGlobal
